// !$*UTF8*$!
{
	archiveVersion = 1;
	classes = {
	};
	objectVersion = 48;
	objects = {

/* Begin PBXBuildFile section */
		0417329C20E4E10B00DD8C26 /* AppDelegate.swift in Sources */ = {isa = PBXBuildFile; fileRef = 0417329B20E4E10B00DD8C26 /* AppDelegate.swift */; };
		0417329E20E4E10B00DD8C26 /* ViewController.swift in Sources */ = {isa = PBXBuildFile; fileRef = 0417329D20E4E10B00DD8C26 /* ViewController.swift */; };
		041732A120E4E10B00DD8C26 /* Main.storyboard in Resources */ = {isa = PBXBuildFile; fileRef = 0417329F20E4E10B00DD8C26 /* Main.storyboard */; };
		041732A320E4E10B00DD8C26 /* Assets.xcassets in Resources */ = {isa = PBXBuildFile; fileRef = 041732A220E4E10B00DD8C26 /* Assets.xcassets */; };
		041732A620E4E10B00DD8C26 /* LaunchScreen.storyboard in Resources */ = {isa = PBXBuildFile; fileRef = 041732A420E4E10B00DD8C26 /* LaunchScreen.storyboard */; };
		041732B120E4E10B00DD8C26 /* SQLExampleAppTests.swift in Sources */ = {isa = PBXBuildFile; fileRef = 041732B020E4E10B00DD8C26 /* SQLExampleAppTests.swift */; };
		041732BC20E4E10B00DD8C26 /* SQLExampleAppUITests.swift in Sources */ = {isa = PBXBuildFile; fileRef = 041732BB20E4E10B00DD8C26 /* SQLExampleAppUITests.swift */; };
/* End PBXBuildFile section */

/* Begin PBXContainerItemProxy section */
		041732AD20E4E10B00DD8C26 /* PBXContainerItemProxy */ = {
			isa = PBXContainerItemProxy;
			containerPortal = 0417329020E4E10B00DD8C26 /* Project object */;
			proxyType = 1;
			remoteGlobalIDString = 0417329720E4E10B00DD8C26;
			remoteInfo = SQLExampleApp;
		};
		041732B820E4E10B00DD8C26 /* PBXContainerItemProxy */ = {
			isa = PBXContainerItemProxy;
			containerPortal = 0417329020E4E10B00DD8C26 /* Project object */;
			proxyType = 1;
			remoteGlobalIDString = 0417329720E4E10B00DD8C26;
			remoteInfo = SQLExampleApp;
		};
/* End PBXContainerItemProxy section */

/* Begin PBXFileReference section */
		0417329820E4E10B00DD8C26 /* SQLExampleApp.app */ = {isa = PBXFileReference; explicitFileType = wrapper.application; includeInIndex = 0; path = SQLExampleApp.app; sourceTree = BUILT_PRODUCTS_DIR; };
		0417329B20E4E10B00DD8C26 /* AppDelegate.swift */ = {isa = PBXFileReference; lastKnownFileType = sourcecode.swift; path = AppDelegate.swift; sourceTree = "<group>"; };
		0417329D20E4E10B00DD8C26 /* ViewController.swift */ = {isa = PBXFileReference; lastKnownFileType = sourcecode.swift; path = ViewController.swift; sourceTree = "<group>"; };
		041732A020E4E10B00DD8C26 /* Base */ = {isa = PBXFileReference; lastKnownFileType = file.storyboard; name = Base; path = Base.lproj/Main.storyboard; sourceTree = "<group>"; };
		041732A220E4E10B00DD8C26 /* Assets.xcassets */ = {isa = PBXFileReference; lastKnownFileType = folder.assetcatalog; path = Assets.xcassets; sourceTree = "<group>"; };
		041732A520E4E10B00DD8C26 /* Base */ = {isa = PBXFileReference; lastKnownFileType = file.storyboard; name = Base; path = Base.lproj/LaunchScreen.storyboard; sourceTree = "<group>"; };
		041732A720E4E10B00DD8C26 /* Info.plist */ = {isa = PBXFileReference; lastKnownFileType = text.plist.xml; path = Info.plist; sourceTree = "<group>"; };
		041732AC20E4E10B00DD8C26 /* SQLExampleAppTests.xctest */ = {isa = PBXFileReference; explicitFileType = wrapper.cfbundle; includeInIndex = 0; path = SQLExampleAppTests.xctest; sourceTree = BUILT_PRODUCTS_DIR; };
		041732B020E4E10B00DD8C26 /* SQLExampleAppTests.swift */ = {isa = PBXFileReference; lastKnownFileType = sourcecode.swift; path = SQLExampleAppTests.swift; sourceTree = "<group>"; };
		041732B220E4E10B00DD8C26 /* Info.plist */ = {isa = PBXFileReference; lastKnownFileType = text.plist.xml; path = Info.plist; sourceTree = "<group>"; };
		041732B720E4E10B00DD8C26 /* SQLExampleAppUITests.xctest */ = {isa = PBXFileReference; explicitFileType = wrapper.cfbundle; includeInIndex = 0; path = SQLExampleAppUITests.xctest; sourceTree = BUILT_PRODUCTS_DIR; };
		041732BB20E4E10B00DD8C26 /* SQLExampleAppUITests.swift */ = {isa = PBXFileReference; lastKnownFileType = sourcecode.swift; path = SQLExampleAppUITests.swift; sourceTree = "<group>"; };
		041732BD20E4E10C00DD8C26 /* Info.plist */ = {isa = PBXFileReference; lastKnownFileType = text.plist.xml; path = Info.plist; sourceTree = "<group>"; };
/* End PBXFileReference section */

/* Begin PBXFrameworksBuildPhase section */
		0417329520E4E10B00DD8C26 /* Frameworks */ = {
			isa = PBXFrameworksBuildPhase;
			buildActionMask = 2147483647;
			files = (
			);
			runOnlyForDeploymentPostprocessing = 0;
		};
		041732A920E4E10B00DD8C26 /* Frameworks */ = {
			isa = PBXFrameworksBuildPhase;
			buildActionMask = 2147483647;
			files = (
			);
			runOnlyForDeploymentPostprocessing = 0;
		};
		041732B420E4E10B00DD8C26 /* Frameworks */ = {
			isa = PBXFrameworksBuildPhase;
			buildActionMask = 2147483647;
			files = (
			);
			runOnlyForDeploymentPostprocessing = 0;
		};
/* End PBXFrameworksBuildPhase section */

/* Begin PBXGroup section */
		0417328F20E4E10B00DD8C26 = {
			isa = PBXGroup;
			children = (
				0417329A20E4E10B00DD8C26 /* SQLExampleApp */,
				041732AF20E4E10B00DD8C26 /* SQLExampleAppTests */,
				041732BA20E4E10B00DD8C26 /* SQLExampleAppUITests */,
				0417329920E4E10B00DD8C26 /* Products */,
			);
			sourceTree = "<group>";
		};
		0417329920E4E10B00DD8C26 /* Products */ = {
			isa = PBXGroup;
			children = (
				0417329820E4E10B00DD8C26 /* SQLExampleApp.app */,
				041732AC20E4E10B00DD8C26 /* SQLExampleAppTests.xctest */,
				041732B720E4E10B00DD8C26 /* SQLExampleAppUITests.xctest */,
			);
			name = Products;
			sourceTree = "<group>";
		};
		0417329A20E4E10B00DD8C26 /* SQLExampleApp */ = {
			isa = PBXGroup;
			children = (
				0417329B20E4E10B00DD8C26 /* AppDelegate.swift */,
				0417329D20E4E10B00DD8C26 /* ViewController.swift */,
				0417329F20E4E10B00DD8C26 /* Main.storyboard */,
				041732A220E4E10B00DD8C26 /* Assets.xcassets */,
				041732A420E4E10B00DD8C26 /* LaunchScreen.storyboard */,
				041732A720E4E10B00DD8C26 /* Info.plist */,
			);
			path = SQLExampleApp;
			sourceTree = "<group>";
		};
		041732AF20E4E10B00DD8C26 /* SQLExampleAppTests */ = {
			isa = PBXGroup;
			children = (
				041732B020E4E10B00DD8C26 /* SQLExampleAppTests.swift */,
				041732B220E4E10B00DD8C26 /* Info.plist */,
			);
			path = SQLExampleAppTests;
			sourceTree = "<group>";
		};
		041732BA20E4E10B00DD8C26 /* SQLExampleAppUITests */ = {
			isa = PBXGroup;
			children = (
				041732BB20E4E10B00DD8C26 /* SQLExampleAppUITests.swift */,
				041732BD20E4E10C00DD8C26 /* Info.plist */,
			);
			path = SQLExampleAppUITests;
			sourceTree = "<group>";
		};
/* End PBXGroup section */

/* Begin PBXNativeTarget section */
		0417329720E4E10B00DD8C26 /* SQLExampleApp */ = {
			isa = PBXNativeTarget;
			buildConfigurationList = 041732C020E4E10C00DD8C26 /* Build configuration list for PBXNativeTarget "SQLExampleApp" */;
			buildPhases = (
				0417329420E4E10B00DD8C26 /* Sources */,
				0417329520E4E10B00DD8C26 /* Frameworks */,
				0417329620E4E10B00DD8C26 /* Resources */,
			);
			buildRules = (
			);
			dependencies = (
			);
			name = SQLExampleApp;
			productName = SQLExampleApp;
			productReference = 0417329820E4E10B00DD8C26 /* SQLExampleApp.app */;
			productType = "com.apple.product-type.application";
		};
		041732AB20E4E10B00DD8C26 /* SQLExampleAppTests */ = {
			isa = PBXNativeTarget;
			buildConfigurationList = 041732C320E4E10C00DD8C26 /* Build configuration list for PBXNativeTarget "SQLExampleAppTests" */;
			buildPhases = (
				041732A820E4E10B00DD8C26 /* Sources */,
				041732A920E4E10B00DD8C26 /* Frameworks */,
				041732AA20E4E10B00DD8C26 /* Resources */,
			);
			buildRules = (
			);
			dependencies = (
				041732AE20E4E10B00DD8C26 /* PBXTargetDependency */,
			);
			name = SQLExampleAppTests;
			productName = SQLExampleAppTests;
			productReference = 041732AC20E4E10B00DD8C26 /* SQLExampleAppTests.xctest */;
			productType = "com.apple.product-type.bundle.unit-test";
		};
		041732B620E4E10B00DD8C26 /* SQLExampleAppUITests */ = {
			isa = PBXNativeTarget;
			buildConfigurationList = 041732C620E4E10C00DD8C26 /* Build configuration list for PBXNativeTarget "SQLExampleAppUITests" */;
			buildPhases = (
				041732B320E4E10B00DD8C26 /* Sources */,
				041732B420E4E10B00DD8C26 /* Frameworks */,
				041732B520E4E10B00DD8C26 /* Resources */,
			);
			buildRules = (
			);
			dependencies = (
				041732B920E4E10B00DD8C26 /* PBXTargetDependency */,
			);
			name = SQLExampleAppUITests;
			productName = SQLExampleAppUITests;
			productReference = 041732B720E4E10B00DD8C26 /* SQLExampleAppUITests.xctest */;
			productType = "com.apple.product-type.bundle.ui-testing";
		};
/* End PBXNativeTarget section */

/* Begin PBXProject section */
		0417329020E4E10B00DD8C26 /* Project object */ = {
			isa = PBXProject;
			attributes = {
				LastSwiftUpdateCheck = 0920;
				LastUpgradeCheck = 0920;
				ORGANIZATIONNAME = f1soft;
				TargetAttributes = {
					0417329720E4E10B00DD8C26 = {
						CreatedOnToolsVersion = 9.2;
						ProvisioningStyle = Automatic;
					};
					041732AB20E4E10B00DD8C26 = {
						CreatedOnToolsVersion = 9.2;
						ProvisioningStyle = Automatic;
						TestTargetID = 0417329720E4E10B00DD8C26;
					};
					041732B620E4E10B00DD8C26 = {
						CreatedOnToolsVersion = 9.2;
						ProvisioningStyle = Automatic;
						TestTargetID = 0417329720E4E10B00DD8C26;
					};
				};
			};
			buildConfigurationList = 0417329320E4E10B00DD8C26 /* Build configuration list for PBXProject "SQLExampleApp" */;
			compatibilityVersion = "Xcode 8.0";
			developmentRegion = en;
			hasScannedForEncodings = 0;
			knownRegions = (
				en,
				Base,
			);
			mainGroup = 0417328F20E4E10B00DD8C26;
			productRefGroup = 0417329920E4E10B00DD8C26 /* Products */;
			projectDirPath = "";
			projectRoot = "";
			targets = (
				0417329720E4E10B00DD8C26 /* SQLExampleApp */,
				041732AB20E4E10B00DD8C26 /* SQLExampleAppTests */,
				041732B620E4E10B00DD8C26 /* SQLExampleAppUITests */,
			);
		};
/* End PBXProject section */

/* Begin PBXResourcesBuildPhase section */
		0417329620E4E10B00DD8C26 /* Resources */ = {
			isa = PBXResourcesBuildPhase;
			buildActionMask = 2147483647;
			files = (
				041732A620E4E10B00DD8C26 /* LaunchScreen.storyboard in Resources */,
				041732A320E4E10B00DD8C26 /* Assets.xcassets in Resources */,
				041732A120E4E10B00DD8C26 /* Main.storyboard in Resources */,
			);
			runOnlyForDeploymentPostprocessing = 0;
		};
		041732AA20E4E10B00DD8C26 /* Resources */ = {
			isa = PBXResourcesBuildPhase;
			buildActionMask = 2147483647;
			files = (
			);
			runOnlyForDeploymentPostprocessing = 0;
		};
		041732B520E4E10B00DD8C26 /* Resources */ = {
			isa = PBXResourcesBuildPhase;
			buildActionMask = 2147483647;
			files = (
			);
			runOnlyForDeploymentPostprocessing = 0;
		};
/* End PBXResourcesBuildPhase section */

/* Begin PBXSourcesBuildPhase section */
		0417329420E4E10B00DD8C26 /* Sources */ = {
			isa = PBXSourcesBuildPhase;
			buildActionMask = 2147483647;
			files = (
				0417329E20E4E10B00DD8C26 /* ViewController.swift in Sources */,
				0417329C20E4E10B00DD8C26 /* AppDelegate.swift in Sources */,
			);
			runOnlyForDeploymentPostprocessing = 0;
		};
		041732A820E4E10B00DD8C26 /* Sources */ = {
			isa = PBXSourcesBuildPhase;
			buildActionMask = 2147483647;
			files = (
				041732B120E4E10B00DD8C26 /* SQLExampleAppTests.swift in Sources */,
			);
			runOnlyForDeploymentPostprocessing = 0;
		};
		041732B320E4E10B00DD8C26 /* Sources */ = {
			isa = PBXSourcesBuildPhase;
			buildActionMask = 2147483647;
			files = (
				041732BC20E4E10B00DD8C26 /* SQLExampleAppUITests.swift in Sources */,
			);
			runOnlyForDeploymentPostprocessing = 0;
		};
/* End PBXSourcesBuildPhase section */

/* Begin PBXTargetDependency section */
		041732AE20E4E10B00DD8C26 /* PBXTargetDependency */ = {
			isa = PBXTargetDependency;
			target = 0417329720E4E10B00DD8C26 /* SQLExampleApp */;
			targetProxy = 041732AD20E4E10B00DD8C26 /* PBXContainerItemProxy */;
		};
		041732B920E4E10B00DD8C26 /* PBXTargetDependency */ = {
			isa = PBXTargetDependency;
			target = 0417329720E4E10B00DD8C26 /* SQLExampleApp */;
			targetProxy = 041732B820E4E10B00DD8C26 /* PBXContainerItemProxy */;
		};
/* End PBXTargetDependency section */

/* Begin PBXVariantGroup section */
		0417329F20E4E10B00DD8C26 /* Main.storyboard */ = {
			isa = PBXVariantGroup;
			children = (
				041732A020E4E10B00DD8C26 /* Base */,
			);
			name = Main.storyboard;
			sourceTree = "<group>";
		};
		041732A420E4E10B00DD8C26 /* LaunchScreen.storyboard */ = {
			isa = PBXVariantGroup;
			children = (
				041732A520E4E10B00DD8C26 /* Base */,
			);
			name = LaunchScreen.storyboard;
			sourceTree = "<group>";
		};
/* End PBXVariantGroup section */

/* Begin XCBuildConfiguration section */
		041732BE20E4E10C00DD8C26 /* Debug */ = {
			isa = XCBuildConfiguration;
			buildSettings = {
				ALWAYS_SEARCH_USER_PATHS = NO;
				CLANG_ANALYZER_NONNULL = YES;
				CLANG_ANALYZER_NUMBER_OBJECT_CONVERSION = YES_AGGRESSIVE;
				CLANG_CXX_LANGUAGE_STANDARD = "gnu++14";
				CLANG_CXX_LIBRARY = "libc++";
				CLANG_ENABLE_MODULES = YES;
				CLANG_ENABLE_OBJC_ARC = YES;
				CLANG_WARN_BLOCK_CAPTURE_AUTORELEASING = YES;
				CLANG_WARN_BOOL_CONVERSION = YES;
				CLANG_WARN_COMMA = YES;
				CLANG_WARN_CONSTANT_CONVERSION = YES;
				CLANG_WARN_DIRECT_OBJC_ISA_USAGE = YES_ERROR;
				CLANG_WARN_DOCUMENTATION_COMMENTS = YES;
				CLANG_WARN_EMPTY_BODY = YES;
				CLANG_WARN_ENUM_CONVERSION = YES;
				CLANG_WARN_INFINITE_RECURSION = YES;
				CLANG_WARN_INT_CONVERSION = YES;
				CLANG_WARN_NON_LITERAL_NULL_CONVERSION = YES;
				CLANG_WARN_OBJC_LITERAL_CONVERSION = YES;
				CLANG_WARN_OBJC_ROOT_CLASS = YES_ERROR;
				CLANG_WARN_RANGE_LOOP_ANALYSIS = YES;
				CLANG_WARN_STRICT_PROTOTYPES = YES;
				CLANG_WARN_SUSPICIOUS_MOVE = YES;
				CLANG_WARN_UNGUARDED_AVAILABILITY = YES_AGGRESSIVE;
				CLANG_WARN_UNREACHABLE_CODE = YES;
				CLANG_WARN__DUPLICATE_METHOD_MATCH = YES;
				CODE_SIGN_IDENTITY = "iPhone Developer";
				COPY_PHASE_STRIP = NO;
				DEBUG_INFORMATION_FORMAT = dwarf;
				ENABLE_STRICT_OBJC_MSGSEND = YES;
				ENABLE_TESTABILITY = YES;
				GCC_C_LANGUAGE_STANDARD = gnu11;
				GCC_DYNAMIC_NO_PIC = NO;
				GCC_NO_COMMON_BLOCKS = YES;
				GCC_OPTIMIZATION_LEVEL = 0;
				GCC_PREPROCESSOR_DEFINITIONS = (
					"DEBUG=1",
					"$(inherited)",
				);
				GCC_WARN_64_TO_32_BIT_CONVERSION = YES;
				GCC_WARN_ABOUT_RETURN_TYPE = YES_ERROR;
				GCC_WARN_UNDECLARED_SELECTOR = YES;
				GCC_WARN_UNINITIALIZED_AUTOS = YES_AGGRESSIVE;
				GCC_WARN_UNUSED_FUNCTION = YES;
				GCC_WARN_UNUSED_VARIABLE = YES;
				IPHONEOS_DEPLOYMENT_TARGET = 11.2;
				MTL_ENABLE_DEBUG_INFO = YES;
				ONLY_ACTIVE_ARCH = YES;
				SDKROOT = iphoneos;
				SWIFT_ACTIVE_COMPILATION_CONDITIONS = DEBUG;
				SWIFT_OPTIMIZATION_LEVEL = "-Onone";
			};
			name = Debug;
		};
		041732BF20E4E10C00DD8C26 /* Release */ = {
			isa = XCBuildConfiguration;
			buildSettings = {
				ALWAYS_SEARCH_USER_PATHS = NO;
				CLANG_ANALYZER_NONNULL = YES;
				CLANG_ANALYZER_NUMBER_OBJECT_CONVERSION = YES_AGGRESSIVE;
				CLANG_CXX_LANGUAGE_STANDARD = "gnu++14";
				CLANG_CXX_LIBRARY = "libc++";
				CLANG_ENABLE_MODULES = YES;
				CLANG_ENABLE_OBJC_ARC = YES;
				CLANG_WARN_BLOCK_CAPTURE_AUTORELEASING = YES;
				CLANG_WARN_BOOL_CONVERSION = YES;
				CLANG_WARN_COMMA = YES;
				CLANG_WARN_CONSTANT_CONVERSION = YES;
				CLANG_WARN_DIRECT_OBJC_ISA_USAGE = YES_ERROR;
				CLANG_WARN_DOCUMENTATION_COMMENTS = YES;
				CLANG_WARN_EMPTY_BODY = YES;
				CLANG_WARN_ENUM_CONVERSION = YES;
				CLANG_WARN_INFINITE_RECURSION = YES;
				CLANG_WARN_INT_CONVERSION = YES;
				CLANG_WARN_NON_LITERAL_NULL_CONVERSION = YES;
				CLANG_WARN_OBJC_LITERAL_CONVERSION = YES;
				CLANG_WARN_OBJC_ROOT_CLASS = YES_ERROR;
				CLANG_WARN_RANGE_LOOP_ANALYSIS = YES;
				CLANG_WARN_STRICT_PROTOTYPES = YES;
				CLANG_WARN_SUSPICIOUS_MOVE = YES;
				CLANG_WARN_UNGUARDED_AVAILABILITY = YES_AGGRESSIVE;
				CLANG_WARN_UNREACHABLE_CODE = YES;
				CLANG_WARN__DUPLICATE_METHOD_MATCH = YES;
				CODE_SIGN_IDENTITY = "iPhone Developer";
				COPY_PHASE_STRIP = NO;
				DEBUG_INFORMATION_FORMAT = "dwarf-with-dsym";
				ENABLE_NS_ASSERTIONS = NO;
				ENABLE_STRICT_OBJC_MSGSEND = YES;
				GCC_C_LANGUAGE_STANDARD = gnu11;
				GCC_NO_COMMON_BLOCKS = YES;
				GCC_WARN_64_TO_32_BIT_CONVERSION = YES;
				GCC_WARN_ABOUT_RETURN_TYPE = YES_ERROR;
				GCC_WARN_UNDECLARED_SELECTOR = YES;
				GCC_WARN_UNINITIALIZED_AUTOS = YES_AGGRESSIVE;
				GCC_WARN_UNUSED_FUNCTION = YES;
				GCC_WARN_UNUSED_VARIABLE = YES;
				IPHONEOS_DEPLOYMENT_TARGET = 11.2;
				MTL_ENABLE_DEBUG_INFO = NO;
				SDKROOT = iphoneos;
				SWIFT_OPTIMIZATION_LEVEL = "-Owholemodule";
				VALIDATE_PRODUCT = YES;
			};
			name = Release;
		};
		041732C120E4E10C00DD8C26 /* Debug */ = {
			isa = XCBuildConfiguration;
			buildSettings = {
				ASSETCATALOG_COMPILER_APPICON_NAME = AppIcon;
				CODE_SIGN_STYLE = Automatic;
				INFOPLIST_FILE = SQLExampleApp/Info.plist;
				LD_RUNPATH_SEARCH_PATHS = "$(inherited) @executable_path/Frameworks";
				PRODUCT_BUNDLE_IDENTIFIER = com.jason.SQLExampleApp;
				PRODUCT_NAME = "$(TARGET_NAME)";
				SWIFT_VERSION = 4.0;
				TARGETED_DEVICE_FAMILY = "1,2";
			};
			name = Debug;
		};
		041732C220E4E10C00DD8C26 /* Release */ = {
			isa = XCBuildConfiguration;
			buildSettings = {
				ASSETCATALOG_COMPILER_APPICON_NAME = AppIcon;
				CODE_SIGN_STYLE = Automatic;
				INFOPLIST_FILE = SQLExampleApp/Info.plist;
				LD_RUNPATH_SEARCH_PATHS = "$(inherited) @executable_path/Frameworks";
				PRODUCT_BUNDLE_IDENTIFIER = com.jason.SQLExampleApp;
				PRODUCT_NAME = "$(TARGET_NAME)";
				SWIFT_VERSION = 4.0;
				TARGETED_DEVICE_FAMILY = "1,2";
			};
			name = Release;
		};
		041732C420E4E10C00DD8C26 /* Debug */ = {
			isa = XCBuildConfiguration;
			buildSettings = {
				ALWAYS_EMBED_SWIFT_STANDARD_LIBRARIES = YES;
				BUNDLE_LOADER = "$(TEST_HOST)";
				CODE_SIGN_STYLE = Automatic;
				INFOPLIST_FILE = SQLExampleAppTests/Info.plist;
				LD_RUNPATH_SEARCH_PATHS = "$(inherited) @executable_path/Frameworks @loader_path/Frameworks";
				PRODUCT_BUNDLE_IDENTIFIER = com.jason.SQLExampleAppTests;
				PRODUCT_NAME = "$(TARGET_NAME)";
				SWIFT_VERSION = 4.0;
				TARGETED_DEVICE_FAMILY = "1,2";
				TEST_HOST = "$(BUILT_PRODUCTS_DIR)/SQLExampleApp.app/SQLExampleApp";
			};
			name = Debug;
		};
		041732C520E4E10C00DD8C26 /* Release */ = {
			isa = XCBuildConfiguration;
			buildSettings = {
				ALWAYS_EMBED_SWIFT_STANDARD_LIBRARIES = YES;
				BUNDLE_LOADER = "$(TEST_HOST)";
				CODE_SIGN_STYLE = Automatic;
				INFOPLIST_FILE = SQLExampleAppTests/Info.plist;
				LD_RUNPATH_SEARCH_PATHS = "$(inherited) @executable_path/Frameworks @loader_path/Frameworks";
				PRODUCT_BUNDLE_IDENTIFIER = com.jason.SQLExampleAppTests;
				PRODUCT_NAME = "$(TARGET_NAME)";
				SWIFT_VERSION = 4.0;
				TARGETED_DEVICE_FAMILY = "1,2";
				TEST_HOST = "$(BUILT_PRODUCTS_DIR)/SQLExampleApp.app/SQLExampleApp";
			};
			name = Release;
		};
		041732C720E4E10C00DD8C26 /* Debug */ = {
			isa = XCBuildConfiguration;
			buildSettings = {
				ALWAYS_EMBED_SWIFT_STANDARD_LIBRARIES = YES;
				CODE_SIGN_STYLE = Automatic;
				INFOPLIST_FILE = SQLExampleAppUITests/Info.plist;
				LD_RUNPATH_SEARCH_PATHS = "$(inherited) @executable_path/Frameworks @loader_path/Frameworks";
				PRODUCT_BUNDLE_IDENTIFIER = com.jason.SQLExampleAppUITests;
				PRODUCT_NAME = "$(TARGET_NAME)";
				SWIFT_VERSION = 4.0;
				TARGETED_DEVICE_FAMILY = "1,2";
				TEST_TARGET_NAME = SQLExampleApp;
			};
			name = Debug;
		};
		041732C820E4E10C00DD8C26 /* Release */ = {
			isa = XCBuildConfiguration;
			buildSettings = {
				ALWAYS_EMBED_SWIFT_STANDARD_LIBRARIES = YES;
				CODE_SIGN_STYLE = Automatic;
				INFOPLIST_FILE = SQLExampleAppUITests/Info.plist;
				LD_RUNPATH_SEARCH_PATHS = "$(inherited) @executable_path/Frameworks @loader_path/Frameworks";
				PRODUCT_BUNDLE_IDENTIFIER = com.jason.SQLExampleAppUITests;
				PRODUCT_NAME = "$(TARGET_NAME)";
				SWIFT_VERSION = 4.0;
				TARGETED_DEVICE_FAMILY = "1,2";
				TEST_TARGET_NAME = SQLExampleApp;
			};
			name = Release;
		};
/* End XCBuildConfiguration section */

/* Begin XCConfigurationList section */
		0417329320E4E10B00DD8C26 /* Build configuration list for PBXProject "SQLExampleApp" */ = {
			isa = XCConfigurationList;
			buildConfigurations = (
				041732BE20E4E10C00DD8C26 /* Debug */,
				041732BF20E4E10C00DD8C26 /* Release */,
			);
			defaultConfigurationIsVisible = 0;
			defaultConfigurationName = Release;
		};
		041732C020E4E10C00DD8C26 /* Build configuration list for PBXNativeTarget "SQLExampleApp" */ = {
			isa = XCConfigurationList;
			buildConfigurations = (
				041732C120E4E10C00DD8C26 /* Debug */,
				041732C220E4E10C00DD8C26 /* Release */,
			);
			defaultConfigurationIsVisible = 0;
			defaultConfigurationName = Release;
		};
		041732C320E4E10C00DD8C26 /* Build configuration list for PBXNativeTarget "SQLExampleAppTests" */ = {
			isa = XCConfigurationList;
			buildConfigurations = (
				041732C420E4E10C00DD8C26 /* Debug */,
				041732C520E4E10C00DD8C26 /* Release */,
			);
			defaultConfigurationIsVisible = 0;
			defaultConfigurationName = Release;
		};
		041732C620E4E10C00DD8C26 /* Build configuration list for PBXNativeTarget "SQLExampleAppUITests" */ = {
			isa = XCConfigurationList;
			buildConfigurations = (
				041732C720E4E10C00DD8C26 /* Debug */,
				041732C820E4E10C00DD8C26 /* Release */,
			);
			defaultConfigurationIsVisible = 0;
			defaultConfigurationName = Release;
		};
/* End XCConfigurationList section */
	};
	rootObject = 0417329020E4E10B00DD8C26 /* Project object */;
}
